Microsoft Visual Studio Solution File, Format Version 11.00
# Visual Studio 2008

Project("{956BD953-FFF3-1E82-03E8-F3B7B6F344FD}") = "MRMaze", "Assembly-CSharp.csproj", "{3AF78F3D-7E20-8E1D-1555-530C880826E1}"
EndProject
Project("{956BD953-FFF3-1E82-03E8-F3B7B6F344FD}") = "MRMaze", "Assembly-CSharp-Editor.csproj", "{C6CD53D9-607B-7300-ED8F-8993362FD43D}"
EndProject
Global
	GlobalSection(SolutionConfigurationPlatforms) = preSolution
		Debug|Any CPU = Debug|Any CPU
		Release|Any CPU = Release|Any CPU
	EndGlobalSection
	GlobalSection(ProjectConfigurationPlatforms) = postSolution
		{3AF78F3D-7E20-8E1D-1555-530C880826E1}.Debug|Any CPU.ActiveCfg = Debug|Any CPU
		{3AF78F3D-7E20-8E1D-1555-530C880826E1}.Debug|Any CPU.Build.0 = Debug|Any CPU
		{3AF78F3D-7E20-8E1D-1555-530C880826E1}.Release|Any CPU.ActiveCfg = Release|Any CPU
		{3AF78F3D-7E20-8E1D-1555-530C880826E1}.Release|Any CPU.Build.0 = Release|Any CPU
		{C6CD53D9-607B-7300-ED8F-8993362FD43D}.Debug|Any CPU.ActiveCfg = Debug|Any CPU
		{C6CD53D9-607B-7300-ED8F-8993362FD43D}.Debug|Any CPU.Build.0 = Debug|Any CPU
		{C6CD53D9-607B-7300-ED8F-8993362FD43D}.Release|Any CPU.ActiveCfg = Release|Any CPU
		{C6CD53D9-607B-7300-ED8F-8993362FD43D}.Release|Any CPU.Build.0 = Release|Any CPU
	EndGlobalSection
	GlobalSection(SolutionProperties) = preSolution
		HideSolutionNode = FALSE
	EndGlobalSection
	GlobalSection(MonoDevelopProperties) = preSolution
		StartupItem = Assembly-CSharp.csproj
	EndGlobalSection
EndGlobal
